
Microsoft Visual Studio Solution File, Format Version 12.00
# Visual Studio Version 17
VisualStudioVersion = 17.4.33122.133
MinimumVisualStudioVersion = 10.0.40219.1
Project("{FAE04EC0-301F-11D3-BF4B-00C04F79EFBC}") = "CastleWindsor.Automapper", "CastleWindsor.Automapper\CastleWindsor.Automapper.csproj", "{47450F4F-B600-4859-AE3F-6859AEF5EFD5}"
EndProject
Global
	GlobalSection(SolutionConfigurationPlatforms) = preSolution
		Debug|Any CPU = Debug|Any CPU
		Release|Any CPU = Release|Any CPU
	EndGlobalSection
	GlobalSection(ProjectConfigurationPlatforms) = postSolution
		{47450F4F-B600-4859-AE3F-6859AEF5EFD5}.Debug|Any CPU.ActiveCfg = Debug|Any CPU
		{47450F4F-B600-4859-AE3F-6859AEF5EFD5}.Debug|Any CPU.Build.0 = Debug|Any CPU
		{47450F4F-B600-4859-AE3F-6859AEF5EFD5}.Release|Any CPU.ActiveCfg = Release|Any CPU
		{47450F4F-B600-4859-AE3F-6859AEF5EFD5}.Release|Any CPU.Build.0 = Release|Any CPU
	EndGlobalSection
	GlobalSection(SolutionProperties) = preSolution
		HideSolutionNode = FALSE
	EndGlobalSection
	GlobalSection(ExtensibilityGlobals) = postSolution
		SolutionGuid = {7097DD5C-D628-4013-825A-FFF49AEC4064}
	EndGlobalSection
EndGlobal
